
Microsoft Visual Studio Solution File, Format Version 12.00
# Visual Studio 2013
VisualStudioVersion = 12.0.31101.0
MinimumVisualStudioVersion = 10.0.40219.1
Project("{FAE04EC0-301F-11D3-BF4B-00C04F79EFBC}") = "MorseApp", "MorseApp.csproj", "{0B49123E-FD3A-45B4-8A92-25964525FE3E}"
EndProject
Project("{FAE04EC0-301F-11D3-BF4B-00C04F79EFBC}") = "MorseAppWeb", "..\MorseAppWeb\MorseAppWeb.csproj", "{CA3F9664-C209-456C-8133-DE200CC9FAA1}"
EndProject
Global
	GlobalSection(SolutionConfigurationPlatforms) = preSolution
		Debug|Any CPU = Debug|Any CPU
		Release|Any CPU = Release|Any CPU
	EndGlobalSection
	GlobalSection(ProjectConfigurationPlatforms) = postSolution
		{0B49123E-FD3A-45B4-8A92-25964525FE3E}.Debug|Any CPU.ActiveCfg = Debug|Any CPU
		{0B49123E-FD3A-45B4-8A92-25964525FE3E}.Debug|Any CPU.Build.0 = Debug|Any CPU
		{0B49123E-FD3A-45B4-8A92-25964525FE3E}.Debug|Any CPU.Deploy.0 = Debug|Any CPU
		{0B49123E-FD3A-45B4-8A92-25964525FE3E}.Release|Any CPU.ActiveCfg = Release|Any CPU
		{0B49123E-FD3A-45B4-8A92-25964525FE3E}.Release|Any CPU.Build.0 = Release|Any CPU
		{0B49123E-FD3A-45B4-8A92-25964525FE3E}.Release|Any CPU.Deploy.0 = Release|Any CPU
		{CA3F9664-C209-456C-8133-DE200CC9FAA1}.Debug|Any CPU.ActiveCfg = Debug|Any CPU
		{CA3F9664-C209-456C-8133-DE200CC9FAA1}.Debug|Any CPU.Build.0 = Debug|Any CPU
		{CA3F9664-C209-456C-8133-DE200CC9FAA1}.Release|Any CPU.ActiveCfg = Release|Any CPU
		{CA3F9664-C209-456C-8133-DE200CC9FAA1}.Release|Any CPU.Build.0 = Release|Any CPU
	EndGlobalSection
	GlobalSection(SolutionProperties) = preSolution
		HideSolutionNode = FALSE
	EndGlobalSection
EndGlobal
