
Microsoft Visual Studio Solution File, Format Version 12.00
# Visual Studio 2013
VisualStudioVersion = 12.0.30501.0
MinimumVisualStudioVersion = 10.0.40219.1
Project("{FAE04EC0-301F-11D3-BF4B-00C04F79EFBC}") = "ASPC.SharePoint.Deploy", "ASPC.SharePoint.Deploy\ASPC.SharePoint.Deploy.csproj", "{46EC60E9-64E5-47D5-82EF-25D063B9B176}"
EndProject
Project("{2150E333-8FDC-42A3-9474-1A3956D46DE8}") = "SherpaConfig", "SherpaConfig", "{67C70136-E3C4-41F7-B610-473E7204D496}"
	ProjectSection(SolutionItems) = preProject
		..\ASPC.Sherpa\config\empirecontenttypes.json = ..\ASPC.Sherpa\config\empirecontenttypes.json
		..\ASPC.Sherpa\config\empirefields.json = ..\ASPC.Sherpa\config\empirefields.json
		..\ASPC.Sherpa\config\empiresitehierarchy.json = ..\ASPC.Sherpa\config\empiresitehierarchy.json
		..\ASPC.Sherpa\config\empiretaxonomy.json = ..\ASPC.Sherpa\config\empiretaxonomy.json
	EndProjectSection
EndProject
Global
	GlobalSection(SolutionConfigurationPlatforms) = preSolution
		Debug|Any CPU = Debug|Any CPU
		Release|Any CPU = Release|Any CPU
	EndGlobalSection
	GlobalSection(ProjectConfigurationPlatforms) = postSolution
		{46EC60E9-64E5-47D5-82EF-25D063B9B176}.Debug|Any CPU.ActiveCfg = Debug|Any CPU
		{46EC60E9-64E5-47D5-82EF-25D063B9B176}.Debug|Any CPU.Build.0 = Debug|Any CPU
		{46EC60E9-64E5-47D5-82EF-25D063B9B176}.Debug|Any CPU.Deploy.0 = Debug|Any CPU
		{46EC60E9-64E5-47D5-82EF-25D063B9B176}.Release|Any CPU.ActiveCfg = Release|Any CPU
		{46EC60E9-64E5-47D5-82EF-25D063B9B176}.Release|Any CPU.Build.0 = Release|Any CPU
		{46EC60E9-64E5-47D5-82EF-25D063B9B176}.Release|Any CPU.Deploy.0 = Release|Any CPU
	EndGlobalSection
	GlobalSection(SolutionProperties) = preSolution
		HideSolutionNode = FALSE
	EndGlobalSection
EndGlobal
